{
  "name": "webrevived",
  "version": "1.0.0",
  "lockfileVersion": 1,
  "requires": true,
  "dependencies": {
    "asn1": {
      "version": "0.1.11",
      "resolved": "https://registry.npmjs.org/asn1/-/asn1-0.1.11.tgz",
      "integrity": "sha512-Fh9zh3G2mZ8qM/kwsiKwL2U2FmXxVsboP4x1mXjnhKHv3SmzaBZoYvxEQJz/YS2gnCgd8xlAVWcZnQyC9qZBsA=="
    },
    "assert-plus": {
      "version": "0.1.2",
      "resolved": "https://registry.npmjs.org/assert-plus/-/assert-plus-0.1.2.tgz",
      "integrity": "sha512-BbJV8Hq6grYTokkHi/qKS34kfYIFYpu4wKd/H0dARsa6qOqEFH1wboxMwrccAmFjyRjkemjElaVC/sZSUMxHnA=="
    },
    "aws-sign": {
      "version": "0.3.0",
      "resolved": "https://registry.npmjs.org/aws-sign/-/aws-sign-0.3.0.tgz",
      "integrity": "sha512-pEMJAknifcXqXqYVXzGPIu8mJvxtJxIdpVpAs8HNS+paT+9srRUDMQn+3hULS7WbLmttcmvgMvnDcFujqXJyPw=="
    },
    "boolbase": {
      "version": "1.0.0",
      "resolved": "https://registry.npmjs.org/boolbase/-/boolbase-1.0.0.tgz",
      "integrity": "sha512-JZOSA7Mo9sNGB8+UjSgzdLtokWAky1zbztM3WRLCbZ70/3cTANmQmOdR7y2g+J0e2WXywy1yS468tY+IruqEww=="
    },
    "boom": {
      "version": "0.3.8",
      "resolved": "https://registry.npmjs.org/boom/-/boom-0.3.8.tgz",
      "integrity": "sha512-wTAE8aPTB971DLEE1Xfaw/5uSDqm7wGEJqUIza150BTelZieRvvzkLZO7fK3BeaiYClpJ5OYunQHqp5Jp7xrSQ==",
      "requires": {
        "hoek": "0.7.x"
      }
    },
    "cheerio": {
      "version": "0.11.0",
      "resolved": "https://registry.npmjs.org/cheerio/-/cheerio-0.11.0.tgz",
      "integrity": "sha512-D115H8ceXoRjpkqd7badz2miKtrfuLSv9RFi2fheMmjg41OkumZaqEZGnvifZOOQwv/jK98ww1r6O5gG2s8nbg==",
      "requires": {
        "cheerio-select": "*",
        "entities": "0.x",
        "htmlparser2": "2.x",
        "underscore": "~1.4"
      },
      "dependencies": {
        "entities": {
          "version": "0.5.0",
          "resolved": "https://registry.npmjs.org/entities/-/entities-0.5.0.tgz",
          "integrity": "sha1-9hHLWuIhBQ4AEsZpeVA/164ZzEk="
        }
      }
    },
    "cheerio-select": {
      "version": "2.0.0",
      "resolved": "https://registry.npmjs.org/cheerio-select/-/cheerio-select-2.0.0.tgz",
      "integrity": "sha512-NDwtZ9H1/2RGrDuovbYY3i593JYgLDaNnP4YxWE8SxdVK7qHwa2dT2WcvO1frX9HwF1GOtWS85OWPmkBeVCl9A==",
      "requires": {
        "boolbase": "^1.0.0",
        "css-select": "^5.1.0",
        "css-what": "^6.1.0",
        "domelementtype": "^2.3.0",
        "domhandler": "^5.0.2",
        "domutils": "^3.0.1"
      }
    },
    "cookie-jar": {
      "version": "0.3.0",
      "resolved": "https://registry.npmjs.org/cookie-jar/-/cookie-jar-0.3.0.tgz",
      "integrity": "sha1-vJon1OK5fhhs1XyeIGPLmfpozMw="
    },
    "cryptiles": {
      "version": "0.1.3",
      "resolved": "https://registry.npmjs.org/cryptiles/-/cryptiles-0.1.3.tgz",
      "integrity": "sha1-GlVnNPBtJLo0hirpy55wmjr7/xw=",
      "requires": {
        "boom": "0.3.x"
      }
    },
    "css-select": {
      "version": "5.1.0",
      "resolved": "https://registry.npmjs.org/css-select/-/css-select-5.1.0.tgz",
      "integrity": "sha512-nwoRF1rvRRnnCqqY7updORDsuqKzqYJ28+oSMaJMMgOauh3fvwHqMS7EZpIPqK8GL+g9mKxF1vP/ZjSeNjEVHg==",
      "requires": {
        "boolbase": "^1.0.0",
        "css-what": "^6.1.0",
        "domhandler": "^5.0.2",
        "domutils": "^3.0.1",
        "nth-check": "^2.0.1"
      }
    },
    "css-what": {
      "version": "6.1.0",
      "resolved": "https://registry.npmjs.org/css-what/-/css-what-6.1.0.tgz",
      "integrity": "sha512-HTUrgRJ7r4dsZKU6GjmpfRK1O76h97Z8MfS1G0FozR+oF2kG6Vfe8JE6zwrkbxigziPHinCJ+gCPjA9EaBDtRw=="
    },
    "ctype": {
      "version": "0.5.2",
      "resolved": "https://registry.npmjs.org/ctype/-/ctype-0.5.2.tgz",
      "integrity": "sha1-/oCR1Gijc6Cwyf+Lv7NCXACXOh0="
    },
    "dom-serializer": {
      "version": "2.0.0",
      "resolved": "https://registry.npmjs.org/dom-serializer/-/dom-serializer-2.0.0.tgz",
      "integrity": "sha512-wIkAryiqt/nV5EQKqQpo3SToSOV9J0DnbJqwK7Wv/Trc92zIAYZ4FlMu+JPFW1DfGFt81ZTCGgDEabffXeLyJg==",
      "requires": {
        "domelementtype": "^2.3.0",
        "domhandler": "^5.0.2",
        "entities": "^4.2.0"
      },
      "dependencies": {
        "entities": {
          "version": "4.3.0",
          "resolved": "https://registry.npmjs.org/entities/-/entities-4.3.0.tgz",
          "integrity": "sha512-/iP1rZrSEJ0DTlPiX+jbzlA3eVkY/e8L8SozroF395fIqE3TYF/Nz7YOMAawta+vLmyJ/hkGNNPcSbMADCCXbg=="
        }
      }
    },
    "domelementtype": {
      "version": "2.3.0",
      "resolved": "https://registry.npmjs.org/domelementtype/-/domelementtype-2.3.0.tgz",
      "integrity": "sha512-OLETBj6w0OsagBwdXnPdN0cnMfF9opN69co+7ZrbfPGrdpPVNBUj02spi6B1N7wChLQiPn4CSH/zJvXw56gmHw=="
    },
    "domhandler": {
      "version": "5.0.3",
      "resolved": "https://registry.npmjs.org/domhandler/-/domhandler-5.0.3.tgz",
      "integrity": "sha512-cgwlv/1iFQiFnU96XXgROh8xTeetsnJiDsTc7TYCLFd9+/WNkIqPTxiM/8pSd8VIrhXGTf1Ny1q1hquVqDJB5w==",
      "requires": {
        "domelementtype": "^2.3.0"
      }
    },
    "domutils": {
      "version": "3.0.1",
      "resolved": "https://registry.npmjs.org/domutils/-/domutils-3.0.1.tgz",
      "integrity": "sha512-z08c1l761iKhDFtfXO04C7kTdPBLi41zwOZl00WS8b5eiaebNpY00HKbztwBq+e3vyqWNwWF3mP9YLUeqIrF+Q==",
      "requires": {
        "dom-serializer": "^2.0.0",
        "domelementtype": "^2.3.0",
        "domhandler": "^5.0.1"
      }
    },
    "forever-agent": {
      "version": "0.3.0",
      "resolved": "https://registry.npmjs.org/forever-agent/-/forever-agent-0.3.0.tgz",
      "integrity": "sha1-bNS2vY1GroKddCLthMq64zayk+8="
    },
    "hawk": {
      "version": "0.10.2",
      "resolved": "https://registry.npmjs.org/hawk/-/hawk-0.10.2.tgz",
      "integrity": "sha1-mzYd7pWpMWQObVBOBWCaj8OsRdI=",
      "requires": {
        "boom": "0.3.x",
        "cryptiles": "0.1.x",
        "hoek": "0.7.x",
        "sntp": "0.1.x"
      }
    },
    "hoek": {
      "version": "0.7.6",
      "resolved": "https://registry.npmjs.org/hoek/-/hoek-0.7.6.tgz",
      "integrity": "sha1-YPvZBFV1Qc0rh5Wr8wihs3cOFVo="
    },
    "htmlparser2": {
      "version": "2.6.0",
      "resolved": "https://registry.npmjs.org/htmlparser2/-/htmlparser2-2.6.0.tgz",
      "integrity": "sha1-soVk6p0bpWoQSs5qew/dovMVg28=",
      "requires": {
        "domelementtype": "1",
        "domhandler": "2.0",
        "domutils": "1.0"
      },
      "dependencies": {
        "domelementtype": {
          "version": "1.3.1",
          "resolved": "https://registry.npmjs.org/domelementtype/-/domelementtype-1.3.1.tgz",
          "integrity": "sha512-BSKB+TSpMpFI/HOxCNr1O8aMOTZ8hT3pM3GQ0w/mWRmkhEDSFJkkyzz4XQsBV44BChwGkrDfMyjVD0eA2aFV3w=="
        },
        "domhandler": {
          "version": "2.0.3",
          "resolved": "https://registry.npmjs.org/domhandler/-/domhandler-2.0.3.tgz",
          "integrity": "sha1-iJ+N9iZAOvB4jinWbV1cb36/D9Y=",
          "requires": {
            "domelementtype": "1"
          }
        },
        "domutils": {
          "version": "1.0.1",
          "resolved": "https://registry.npmjs.org/domutils/-/domutils-1.0.1.tgz",
          "integrity": "sha1-WLWNd0d0kRVWwWuLAtmcYJ2YeGk=",
          "requires": {
            "domelementtype": "1"
          }
        }
      }
    },
    "http-signature": {
      "version": "0.9.11",
      "resolved": "https://registry.npmjs.org/http-signature/-/http-signature-0.9.11.tgz",
      "integrity": "sha1-nognFFcjFeZ5Cl0KeVXv/x8Z5lM=",
      "requires": {
        "asn1": "0.1.11",
        "assert-plus": "0.1.2",
        "ctype": "0.5.2"
      }
    },
    "json-stringify-safe": {
      "version": "3.0.0",
      "resolved": "https://registry.npmjs.org/json-stringify-safe/-/json-stringify-safe-3.0.0.tgz",
      "integrity": "sha1-nbew5TDH8onF6MhDKvGRwv91pbM="
    },
    "node-uuid": {
      "version": "1.4.8",
      "resolved": "https://registry.npmjs.org/node-uuid/-/node-uuid-1.4.8.tgz",
      "integrity": "sha1-sEDrCSOWivq/jTL7HxfxFn/auQc="
    },
    "nth-check": {
      "version": "2.0.1",
      "resolved": "https://registry.npmjs.org/nth-check/-/nth-check-2.0.1.tgz",
      "integrity": "sha512-it1vE95zF6dTT9lBsYbxvqh0Soy4SPowchj0UBGj/V6cTPnXXtQOPUbhZ6CmGzAD/rW22LQK6E96pcdJXk4A4w==",
      "requires": {
        "boolbase": "^1.0.0"
      }
    },
    "oauth-sign": {
      "version": "0.3.0",
      "resolved": "https://registry.npmjs.org/oauth-sign/-/oauth-sign-0.3.0.tgz",
      "integrity": "sha1-y1QPk7srIqfVlBaRoojWDo6pOG4="
    },
    "request": {
      "version": "2.20.0",
      "resolved": "https://registry.npmjs.org/request/-/request-2.20.0.tgz",
      "integrity": "sha1-SXybyGnwPDT2yrqsliIk0tg11H0=",
      "requires": {
        "aws-sign": "~0.3.0",
        "cookie-jar": "~0.3.0",
        "forever-agent": "~0.3.0",
        "form-data": "~0.0.3",
        "hawk": "~0.10.2",
        "http-signature": "~0.9.1",
        "json-stringify-safe": "~3.0.0",
        "mime": "~1.2.7",
        "node-uuid": "~1.4.0",
        "oauth-sign": "~0.3.0",
        "qs": "~0.5.4",
        "tunnel-agent": "~0.3.0"
      },
      "dependencies": {
        "async": {
          "version": "0.2.10",
          "resolved": "https://registry.npmjs.org/async/-/async-0.2.10.tgz",
          "integrity": "sha512-eAkdoKxU6/LkKDBzLpT+t6Ff5EtfSF4wx1WfJiPEEV7WNLnDaRXk0oVysiEPm262roaachGexwUv94WhSgN5TQ=="
        },
        "combined-stream": {
          "version": "0.0.7",
          "resolved": "https://registry.npmjs.org/combined-stream/-/combined-stream-0.0.7.tgz",
          "integrity": "sha1-ATfmV7qlp1QcV6w3rF/AfXO03B8=",
          "requires": {
            "delayed-stream": "0.0.5"
          }
        },
        "delayed-stream": {
          "version": "0.0.5",
          "resolved": "https://registry.npmjs.org/delayed-stream/-/delayed-stream-0.0.5.tgz",
          "integrity": "sha1-1LH0OpPoKW3+AmlPRoC8N6MTxz8="
        },
        "form-data": {
          "version": "0.0.10",
          "resolved": "https://registry.npmjs.org/form-data/-/form-data-0.0.10.tgz",
          "integrity": "sha1-2zRaU3jYau6x7V1VO4aawZLS9e0=",
          "requires": {
            "async": "~0.2.7",
            "combined-stream": "~0.0.4",
            "mime": "~1.2.2"
          }
        },
        "mime": {
          "version": "1.2.11",
          "resolved": "https://registry.npmjs.org/mime/-/mime-1.2.11.tgz",
          "integrity": "sha1-WCA+7Ybjpe8XrtK32evUfwpg3RA="
        },
        "qs": {
          "version": "0.5.6",
          "resolved": "https://registry.npmjs.org/qs/-/qs-0.5.6.tgz",
          "integrity": "sha1-MbGtBYVnZRxSaSFQa5qHk5EaA4Q="
        }
      }
    },
    "sntp": {
      "version": "0.1.4",
      "resolved": "https://registry.npmjs.org/sntp/-/sntp-0.1.4.tgz",
      "integrity": "sha1-XvSBuVGnspr/30r9fyaDj8ESD4Q=",
      "requires": {
        "hoek": "0.7.x"
      }
    },
    "tunnel-agent": {
      "version": "0.3.0",
      "resolved": "https://registry.npmjs.org/tunnel-agent/-/tunnel-agent-0.3.0.tgz",
      "integrity": "sha1-rWgbaPUyGtKCfEz7G31d8s/pQu4="
    },
    "underscore": {
      "version": "1.4.4",
      "resolved": "https://registry.npmjs.org/underscore/-/underscore-1.4.4.tgz",
      "integrity": "sha1-YaajIBBiKvoHljvzJSA88SI51gQ="
    },
    "website": {
      "version": "0.1.1",
      "resolved": "https://registry.npmjs.org/website/-/website-0.1.1.tgz",
      "integrity": "sha1-vpRV37OS3sRGK0+fCyN2xzxBlQY=",
      "requires": {
        "cheerio": "~0.11.0",
        "request": "~2.20.0"
      }
    }
  }
}
